
Microsoft Visual Studio Solution File, Format Version 12.00
# Visual Studio Version 17
VisualStudioVersion = 17.5.33424.131
MinimumVisualStudioVersion = 10.0.40219.1
Project("{9A19103F-16F7-4668-BE54-9A1E7A4F7556}") = "TourSelectionRabbitMQ", "TourSelectionRabbitMQ.csproj", "{D4364224-DB7B-459E-A084-85CF490CF4CD}"
	ProjectSection(ProjectDependencies) = postProject
		{75E13149-E15C-49B7-AD6C-327DD087B28E} = {75E13149-E15C-49B7-AD6C-327DD087B28E}
	EndProjectSection
EndProject
Project("{9A19103F-16F7-4668-BE54-9A1E7A4F7556}") = "RecieverTopicRabbit", "..\RecieverTopicRabbit\RecieverTopicRabbit.csproj", "{75E13149-E15C-49B7-AD6C-327DD087B28E}"
EndProject
Project("{FAE04EC0-301F-11D3-BF4B-00C04F79EFBC}") = "AdminApp", "..\AdminApp\AdminApp.csproj", "{D1F06343-9C68-4AEE-A9B2-C2BE502D30A9}"
EndProject
Global
	GlobalSection(SolutionConfigurationPlatforms) = preSolution
		Debug|Any CPU = Debug|Any CPU
		Release|Any CPU = Release|Any CPU
	EndGlobalSection
	GlobalSection(ProjectConfigurationPlatforms) = postSolution
		{D4364224-DB7B-459E-A084-85CF490CF4CD}.Debug|Any CPU.ActiveCfg = Debug|Any CPU
		{D4364224-DB7B-459E-A084-85CF490CF4CD}.Debug|Any CPU.Build.0 = Debug|Any CPU
		{D4364224-DB7B-459E-A084-85CF490CF4CD}.Release|Any CPU.ActiveCfg = Release|Any CPU
		{D4364224-DB7B-459E-A084-85CF490CF4CD}.Release|Any CPU.Build.0 = Release|Any CPU
		{75E13149-E15C-49B7-AD6C-327DD087B28E}.Debug|Any CPU.ActiveCfg = Debug|Any CPU
		{75E13149-E15C-49B7-AD6C-327DD087B28E}.Debug|Any CPU.Build.0 = Debug|Any CPU
		{75E13149-E15C-49B7-AD6C-327DD087B28E}.Release|Any CPU.ActiveCfg = Release|Any CPU
		{75E13149-E15C-49B7-AD6C-327DD087B28E}.Release|Any CPU.Build.0 = Release|Any CPU
		{D1F06343-9C68-4AEE-A9B2-C2BE502D30A9}.Debug|Any CPU.ActiveCfg = Debug|Any CPU
		{D1F06343-9C68-4AEE-A9B2-C2BE502D30A9}.Debug|Any CPU.Build.0 = Debug|Any CPU
		{D1F06343-9C68-4AEE-A9B2-C2BE502D30A9}.Release|Any CPU.ActiveCfg = Release|Any CPU
		{D1F06343-9C68-4AEE-A9B2-C2BE502D30A9}.Release|Any CPU.Build.0 = Release|Any CPU
	EndGlobalSection
	GlobalSection(SolutionProperties) = preSolution
		HideSolutionNode = FALSE
	EndGlobalSection
	GlobalSection(ExtensibilityGlobals) = postSolution
		SolutionGuid = {D1BEE0DD-9E25-4916-9119-D70D0981BF21}
	EndGlobalSection
EndGlobal
